// !$*UTF8*$!
{
	archiveVersion = 1;
	classes = {
	};
	objectVersion = 50;
	objects = {

/* Begin PBXBuildFile section */
		AD89FB0D261D9CEC007EDB2D /* AppDelegate.swift in Sources */ = {isa = PBXBuildFile; fileRef = AD89FB0C261D9CEC007EDB2D /* AppDelegate.swift */; };
		AD89FB0F261D9CEC007EDB2D /* SceneDelegate.swift in Sources */ = {isa = PBXBuildFile; fileRef = AD89FB0E261D9CEC007EDB2D /* SceneDelegate.swift */; };
		AD89FB14261D9CEC007EDB2D /* Main.storyboard in Resources */ = {isa = PBXBuildFile; fileRef = AD89FB12261D9CEC007EDB2D /* Main.storyboard */; };
		AD89FB16261D9CEE007EDB2D /* Assets.xcassets in Resources */ = {isa = PBXBuildFile; fileRef = AD89FB15261D9CEE007EDB2D /* Assets.xcassets */; };
		AD89FB19261D9CEE007EDB2D /* LaunchScreen.storyboard in Resources */ = {isa = PBXBuildFile; fileRef = AD89FB17261D9CEE007EDB2D /* LaunchScreen.storyboard */; };
		AD89FB24261D9CEE007EDB2D /* iOS_Geofence_DemoTests.swift in Sources */ = {isa = PBXBuildFile; fileRef = AD89FB23261D9CEE007EDB2D /* iOS_Geofence_DemoTests.swift */; };
		AD89FB2F261D9CEE007EDB2D /* iOS_Geofence_DemoUITests.swift in Sources */ = {isa = PBXBuildFile; fileRef = AD89FB2E261D9CEE007EDB2D /* iOS_Geofence_DemoUITests.swift */; };
		AD89FB79261DD60F007EDB2D /* GeofenceManager.swift in Sources */ = {isa = PBXBuildFile; fileRef = AD89FB78261DD60F007EDB2D /* GeofenceManager.swift */; };
		AD89FB8B261DD8AA007EDB2D /* GeofenceViewController.swift in Sources */ = {isa = PBXBuildFile; fileRef = AD89FB8A261DD8AA007EDB2D /* GeofenceViewController.swift */; };
		AD89FB99261DEB5B007EDB2D /* Geofence.swift in Sources */ = {isa = PBXBuildFile; fileRef = AD89FB98261DEB5B007EDB2D /* Geofence.swift */; };
/* End PBXBuildFile section */

/* Begin PBXContainerItemProxy section */
		AD89FB20261D9CEE007EDB2D /* PBXContainerItemProxy */ = {
			isa = PBXContainerItemProxy;
			containerPortal = AD89FB01261D9CEB007EDB2D /* Project object */;
			proxyType = 1;
			remoteGlobalIDString = AD89FB08261D9CEC007EDB2D;
			remoteInfo = "iOS-Geofence-Demo";
		};
		AD89FB2B261D9CEE007EDB2D /* PBXContainerItemProxy */ = {
			isa = PBXContainerItemProxy;
			containerPortal = AD89FB01261D9CEB007EDB2D /* Project object */;
			proxyType = 1;
			remoteGlobalIDString = AD89FB08261D9CEC007EDB2D;
			remoteInfo = "iOS-Geofence-Demo";
		};
/* End PBXContainerItemProxy section */

/* Begin PBXFileReference section */
		AD89FB09261D9CEC007EDB2D /* iOS-Geofence-Demo.app */ = {isa = PBXFileReference; explicitFileType = wrapper.application; includeInIndex = 0; path = "iOS-Geofence-Demo.app"; sourceTree = BUILT_PRODUCTS_DIR; };
		AD89FB0C261D9CEC007EDB2D /* AppDelegate.swift */ = {isa = PBXFileReference; lastKnownFileType = sourcecode.swift; path = AppDelegate.swift; sourceTree = "<group>"; };
		AD89FB0E261D9CEC007EDB2D /* SceneDelegate.swift */ = {isa = PBXFileReference; lastKnownFileType = sourcecode.swift; path = SceneDelegate.swift; sourceTree = "<group>"; };
		AD89FB13261D9CEC007EDB2D /* Base */ = {isa = PBXFileReference; lastKnownFileType = file.storyboard; name = Base; path = Base.lproj/Main.storyboard; sourceTree = "<group>"; };
		AD89FB15261D9CEE007EDB2D /* Assets.xcassets */ = {isa = PBXFileReference; lastKnownFileType = folder.assetcatalog; path = Assets.xcassets; sourceTree = "<group>"; };
		AD89FB18261D9CEE007EDB2D /* Base */ = {isa = PBXFileReference; lastKnownFileType = file.storyboard; name = Base; path = Base.lproj/LaunchScreen.storyboard; sourceTree = "<group>"; };
		AD89FB1A261D9CEE007EDB2D /* Info.plist */ = {isa = PBXFileReference; lastKnownFileType = text.plist.xml; path = Info.plist; sourceTree = "<group>"; };
		AD89FB1F261D9CEE007EDB2D /* iOS-Geofence-DemoTests.xctest */ = {isa = PBXFileReference; explicitFileType = wrapper.cfbundle; includeInIndex = 0; path = "iOS-Geofence-DemoTests.xctest"; sourceTree = BUILT_PRODUCTS_DIR; };
		AD89FB23261D9CEE007EDB2D /* iOS_Geofence_DemoTests.swift */ = {isa = PBXFileReference; lastKnownFileType = sourcecode.swift; path = iOS_Geofence_DemoTests.swift; sourceTree = "<group>"; };
		AD89FB25261D9CEE007EDB2D /* Info.plist */ = {isa = PBXFileReference; lastKnownFileType = text.plist.xml; path = Info.plist; sourceTree = "<group>"; };
		AD89FB2A261D9CEE007EDB2D /* iOS-Geofence-DemoUITests.xctest */ = {isa = PBXFileReference; explicitFileType = wrapper.cfbundle; includeInIndex = 0; path = "iOS-Geofence-DemoUITests.xctest"; sourceTree = BUILT_PRODUCTS_DIR; };
		AD89FB2E261D9CEE007EDB2D /* iOS_Geofence_DemoUITests.swift */ = {isa = PBXFileReference; lastKnownFileType = sourcecode.swift; path = iOS_Geofence_DemoUITests.swift; sourceTree = "<group>"; };
		AD89FB30261D9CEE007EDB2D /* Info.plist */ = {isa = PBXFileReference; lastKnownFileType = text.plist.xml; path = Info.plist; sourceTree = "<group>"; };
		AD89FB78261DD60F007EDB2D /* GeofenceManager.swift */ = {isa = PBXFileReference; lastKnownFileType = sourcecode.swift; path = GeofenceManager.swift; sourceTree = "<group>"; };
		AD89FB8A261DD8AA007EDB2D /* GeofenceViewController.swift */ = {isa = PBXFileReference; lastKnownFileType = sourcecode.swift; path = GeofenceViewController.swift; sourceTree = "<group>"; };
		AD89FB98261DEB5B007EDB2D /* Geofence.swift */ = {isa = PBXFileReference; lastKnownFileType = sourcecode.swift; path = Geofence.swift; sourceTree = "<group>"; };
/* End PBXFileReference section */

/* Begin PBXFrameworksBuildPhase section */
		AD89FB06261D9CEC007EDB2D /* Frameworks */ = {
			isa = PBXFrameworksBuildPhase;
			buildActionMask = 2147483647;
			files = (
			);
			runOnlyForDeploymentPostprocessing = 0;
		};
		AD89FB1C261D9CEE007EDB2D /* Frameworks */ = {
			isa = PBXFrameworksBuildPhase;
			buildActionMask = 2147483647;
			files = (
			);
			runOnlyForDeploymentPostprocessing = 0;
		};
		AD89FB27261D9CEE007EDB2D /* Frameworks */ = {
			isa = PBXFrameworksBuildPhase;
			buildActionMask = 2147483647;
			files = (
			);
			runOnlyForDeploymentPostprocessing = 0;
		};
/* End PBXFrameworksBuildPhase section */

/* Begin PBXGroup section */
		AD89FB00261D9CEB007EDB2D = {
			isa = PBXGroup;
			children = (
				AD89FB0B261D9CEC007EDB2D /* iOS-Geofence-Demo */,
				AD89FB22261D9CEE007EDB2D /* iOS-Geofence-DemoTests */,
				AD89FB2D261D9CEE007EDB2D /* iOS-Geofence-DemoUITests */,
				AD89FB0A261D9CEC007EDB2D /* Products */,
			);
			sourceTree = "<group>";
		};
		AD89FB0A261D9CEC007EDB2D /* Products */ = {
			isa = PBXGroup;
			children = (
				AD89FB09261D9CEC007EDB2D /* iOS-Geofence-Demo.app */,
				AD89FB1F261D9CEE007EDB2D /* iOS-Geofence-DemoTests.xctest */,
				AD89FB2A261D9CEE007EDB2D /* iOS-Geofence-DemoUITests.xctest */,
			);
			name = Products;
			sourceTree = "<group>";
		};
		AD89FB0B261D9CEC007EDB2D /* iOS-Geofence-Demo */ = {
			isa = PBXGroup;
			children = (
				AD89FB77261DD1A0007EDB2D /* GeofenceEngine */,
				AD89FB0C261D9CEC007EDB2D /* AppDelegate.swift */,
				AD89FB0E261D9CEC007EDB2D /* SceneDelegate.swift */,
				AD89FB12261D9CEC007EDB2D /* Main.storyboard */,
				AD89FB15261D9CEE007EDB2D /* Assets.xcassets */,
				AD89FB17261D9CEE007EDB2D /* LaunchScreen.storyboard */,
				AD89FB1A261D9CEE007EDB2D /* Info.plist */,
			);
			path = "iOS-Geofence-Demo";
			sourceTree = "<group>";
		};
		AD89FB22261D9CEE007EDB2D /* iOS-Geofence-DemoTests */ = {
			isa = PBXGroup;
			children = (
				AD89FB23261D9CEE007EDB2D /* iOS_Geofence_DemoTests.swift */,
				AD89FB25261D9CEE007EDB2D /* Info.plist */,
			);
			path = "iOS-Geofence-DemoTests";
			sourceTree = "<group>";
		};
		AD89FB2D261D9CEE007EDB2D /* iOS-Geofence-DemoUITests */ = {
			isa = PBXGroup;
			children = (
				AD89FB2E261D9CEE007EDB2D /* iOS_Geofence_DemoUITests.swift */,
				AD89FB30261D9CEE007EDB2D /* Info.plist */,
			);
			path = "iOS-Geofence-DemoUITests";
			sourceTree = "<group>";
		};
		AD89FB77261DD1A0007EDB2D /* GeofenceEngine */ = {
			isa = PBXGroup;
			children = (
				AD89FB97261DEB49007EDB2D /* Model */,
				AD89FB89261DD860007EDB2D /* View */,
				AD89FB78261DD60F007EDB2D /* GeofenceManager.swift */,
			);
			path = GeofenceEngine;
			sourceTree = "<group>";
		};
		AD89FB89261DD860007EDB2D /* View */ = {
			isa = PBXGroup;
			children = (
				AD89FB8A261DD8AA007EDB2D /* GeofenceViewController.swift */,
			);
			path = View;
			sourceTree = "<group>";
		};
		AD89FB97261DEB49007EDB2D /* Model */ = {
			isa = PBXGroup;
			children = (
				AD89FB98261DEB5B007EDB2D /* Geofence.swift */,
			);
			path = Model;
			sourceTree = "<group>";
		};
/* End PBXGroup section */

/* Begin PBXNativeTarget section */
		AD89FB08261D9CEC007EDB2D /* iOS-Geofence-Demo */ = {
			isa = PBXNativeTarget;
			buildConfigurationList = AD89FB33261D9CEE007EDB2D /* Build configuration list for PBXNativeTarget "iOS-Geofence-Demo" */;
			buildPhases = (
				AD89FB05261D9CEC007EDB2D /* Sources */,
				AD89FB06261D9CEC007EDB2D /* Frameworks */,
				AD89FB07261D9CEC007EDB2D /* Resources */,
			);
			buildRules = (
			);
			dependencies = (
			);
			name = "iOS-Geofence-Demo";
			productName = "iOS-Geofence-Demo";
			productReference = AD89FB09261D9CEC007EDB2D /* iOS-Geofence-Demo.app */;
			productType = "com.apple.product-type.application";
		};
		AD89FB1E261D9CEE007EDB2D /* iOS-Geofence-DemoTests */ = {
			isa = PBXNativeTarget;
			buildConfigurationList = AD89FB36261D9CEE007EDB2D /* Build configuration list for PBXNativeTarget "iOS-Geofence-DemoTests" */;
			buildPhases = (
				AD89FB1B261D9CEE007EDB2D /* Sources */,
				AD89FB1C261D9CEE007EDB2D /* Frameworks */,
				AD89FB1D261D9CEE007EDB2D /* Resources */,
			);
			buildRules = (
			);
			dependencies = (
				AD89FB21261D9CEE007EDB2D /* PBXTargetDependency */,
			);
			name = "iOS-Geofence-DemoTests";
			productName = "iOS-Geofence-DemoTests";
			productReference = AD89FB1F261D9CEE007EDB2D /* iOS-Geofence-DemoTests.xctest */;
			productType = "com.apple.product-type.bundle.unit-test";
		};
		AD89FB29261D9CEE007EDB2D /* iOS-Geofence-DemoUITests */ = {
			isa = PBXNativeTarget;
			buildConfigurationList = AD89FB39261D9CEE007EDB2D /* Build configuration list for PBXNativeTarget "iOS-Geofence-DemoUITests" */;
			buildPhases = (
				AD89FB26261D9CEE007EDB2D /* Sources */,
				AD89FB27261D9CEE007EDB2D /* Frameworks */,
				AD89FB28261D9CEE007EDB2D /* Resources */,
			);
			buildRules = (
			);
			dependencies = (
				AD89FB2C261D9CEE007EDB2D /* PBXTargetDependency */,
			);
			name = "iOS-Geofence-DemoUITests";
			productName = "iOS-Geofence-DemoUITests";
			productReference = AD89FB2A261D9CEE007EDB2D /* iOS-Geofence-DemoUITests.xctest */;
			productType = "com.apple.product-type.bundle.ui-testing";
		};
/* End PBXNativeTarget section */

/* Begin PBXProject section */
		AD89FB01261D9CEB007EDB2D /* Project object */ = {
			isa = PBXProject;
			attributes = {
				LastSwiftUpdateCheck = 1240;
				LastUpgradeCheck = 1240;
				TargetAttributes = {
					AD89FB08261D9CEC007EDB2D = {
						CreatedOnToolsVersion = 12.4;
					};
					AD89FB1E261D9CEE007EDB2D = {
						CreatedOnToolsVersion = 12.4;
						TestTargetID = AD89FB08261D9CEC007EDB2D;
					};
					AD89FB29261D9CEE007EDB2D = {
						CreatedOnToolsVersion = 12.4;
						TestTargetID = AD89FB08261D9CEC007EDB2D;
					};
				};
			};
			buildConfigurationList = AD89FB04261D9CEB007EDB2D /* Build configuration list for PBXProject "iOS-Geofence-Demo" */;
			compatibilityVersion = "Xcode 9.3";
			developmentRegion = en;
			hasScannedForEncodings = 0;
			knownRegions = (
				en,
				Base,
			);
			mainGroup = AD89FB00261D9CEB007EDB2D;
			productRefGroup = AD89FB0A261D9CEC007EDB2D /* Products */;
			projectDirPath = "";
			projectRoot = "";
			targets = (
				AD89FB08261D9CEC007EDB2D /* iOS-Geofence-Demo */,
				AD89FB1E261D9CEE007EDB2D /* iOS-Geofence-DemoTests */,
				AD89FB29261D9CEE007EDB2D /* iOS-Geofence-DemoUITests */,
			);
		};
/* End PBXProject section */

/* Begin PBXResourcesBuildPhase section */
		AD89FB07261D9CEC007EDB2D /* Resources */ = {
			isa = PBXResourcesBuildPhase;
			buildActionMask = 2147483647;
			files = (
				AD89FB19261D9CEE007EDB2D /* LaunchScreen.storyboard in Resources */,
				AD89FB16261D9CEE007EDB2D /* Assets.xcassets in Resources */,
				AD89FB14261D9CEC007EDB2D /* Main.storyboard in Resources */,
			);
			runOnlyForDeploymentPostprocessing = 0;
		};
		AD89FB1D261D9CEE007EDB2D /* Resources */ = {
			isa = PBXResourcesBuildPhase;
			buildActionMask = 2147483647;
			files = (
			);
			runOnlyForDeploymentPostprocessing = 0;
		};
		AD89FB28261D9CEE007EDB2D /* Resources */ = {
			isa = PBXResourcesBuildPhase;
			buildActionMask = 2147483647;
			files = (
			);
			runOnlyForDeploymentPostprocessing = 0;
		};
/* End PBXResourcesBuildPhase section */

/* Begin PBXSourcesBuildPhase section */
		AD89FB05261D9CEC007EDB2D /* Sources */ = {
			isa = PBXSourcesBuildPhase;
			buildActionMask = 2147483647;
			files = (
				AD89FB0D261D9CEC007EDB2D /* AppDelegate.swift in Sources */,
				AD89FB0F261D9CEC007EDB2D /* SceneDelegate.swift in Sources */,
				AD89FB99261DEB5B007EDB2D /* Geofence.swift in Sources */,
				AD89FB8B261DD8AA007EDB2D /* GeofenceViewController.swift in Sources */,
				AD89FB79261DD60F007EDB2D /* GeofenceManager.swift in Sources */,
			);
			runOnlyForDeploymentPostprocessing = 0;
		};
		AD89FB1B261D9CEE007EDB2D /* Sources */ = {
			isa = PBXSourcesBuildPhase;
			buildActionMask = 2147483647;
			files = (
				AD89FB24261D9CEE007EDB2D /* iOS_Geofence_DemoTests.swift in Sources */,
			);
			runOnlyForDeploymentPostprocessing = 0;
		};
		AD89FB26261D9CEE007EDB2D /* Sources */ = {
			isa = PBXSourcesBuildPhase;
			buildActionMask = 2147483647;
			files = (
				AD89FB2F261D9CEE007EDB2D /* iOS_Geofence_DemoUITests.swift in Sources */,
			);
			runOnlyForDeploymentPostprocessing = 0;
		};
/* End PBXSourcesBuildPhase section */

/* Begin PBXTargetDependency section */
		AD89FB21261D9CEE007EDB2D /* PBXTargetDependency */ = {
			isa = PBXTargetDependency;
			target = AD89FB08261D9CEC007EDB2D /* iOS-Geofence-Demo */;
			targetProxy = AD89FB20261D9CEE007EDB2D /* PBXContainerItemProxy */;
		};
		AD89FB2C261D9CEE007EDB2D /* PBXTargetDependency */ = {
			isa = PBXTargetDependency;
			target = AD89FB08261D9CEC007EDB2D /* iOS-Geofence-Demo */;
			targetProxy = AD89FB2B261D9CEE007EDB2D /* PBXContainerItemProxy */;
		};
/* End PBXTargetDependency section */

/* Begin PBXVariantGroup section */
		AD89FB12261D9CEC007EDB2D /* Main.storyboard */ = {
			isa = PBXVariantGroup;
			children = (
				AD89FB13261D9CEC007EDB2D /* Base */,
			);
			name = Main.storyboard;
			sourceTree = "<group>";
		};
		AD89FB17261D9CEE007EDB2D /* LaunchScreen.storyboard */ = {
			isa = PBXVariantGroup;
			children = (
				AD89FB18261D9CEE007EDB2D /* Base */,
			);
			name = LaunchScreen.storyboard;
			sourceTree = "<group>";
		};
/* End PBXVariantGroup section */

/* Begin XCBuildConfiguration section */
		AD89FB31261D9CEE007EDB2D /* Debug */ = {
			isa = XCBuildConfiguration;
			buildSettings = {
				ALWAYS_SEARCH_USER_PATHS = NO;
				CLANG_ANALYZER_NONNULL = YES;
				CLANG_ANALYZER_NUMBER_OBJECT_CONVERSION = YES_AGGRESSIVE;
				CLANG_CXX_LANGUAGE_STANDARD = "gnu++14";
				CLANG_CXX_LIBRARY = "libc++";
				CLANG_ENABLE_MODULES = YES;
				CLANG_ENABLE_OBJC_ARC = YES;
				CLANG_ENABLE_OBJC_WEAK = YES;
				CLANG_WARN_BLOCK_CAPTURE_AUTORELEASING = YES;
				CLANG_WARN_BOOL_CONVERSION = YES;
				CLANG_WARN_COMMA = YES;
				CLANG_WARN_CONSTANT_CONVERSION = YES;
				CLANG_WARN_DEPRECATED_OBJC_IMPLEMENTATIONS = YES;
				CLANG_WARN_DIRECT_OBJC_ISA_USAGE = YES_ERROR;
				CLANG_WARN_DOCUMENTATION_COMMENTS = YES;
				CLANG_WARN_EMPTY_BODY = YES;
				CLANG_WARN_ENUM_CONVERSION = YES;
				CLANG_WARN_INFINITE_RECURSION = YES;
				CLANG_WARN_INT_CONVERSION = YES;
				CLANG_WARN_NON_LITERAL_NULL_CONVERSION = YES;
				CLANG_WARN_OBJC_IMPLICIT_RETAIN_SELF = YES;
				CLANG_WARN_OBJC_LITERAL_CONVERSION = YES;
				CLANG_WARN_OBJC_ROOT_CLASS = YES_ERROR;
				CLANG_WARN_QUOTED_INCLUDE_IN_FRAMEWORK_HEADER = YES;
				CLANG_WARN_RANGE_LOOP_ANALYSIS = YES;
				CLANG_WARN_STRICT_PROTOTYPES = YES;
				CLANG_WARN_SUSPICIOUS_MOVE = YES;
				CLANG_WARN_UNGUARDED_AVAILABILITY = YES_AGGRESSIVE;
				CLANG_WARN_UNREACHABLE_CODE = YES;
				CLANG_WARN__DUPLICATE_METHOD_MATCH = YES;
				COPY_PHASE_STRIP = NO;
				DEBUG_INFORMATION_FORMAT = dwarf;
				ENABLE_STRICT_OBJC_MSGSEND = YES;
				ENABLE_TESTABILITY = YES;
				GCC_C_LANGUAGE_STANDARD = gnu11;
				GCC_DYNAMIC_NO_PIC = NO;
				GCC_NO_COMMON_BLOCKS = YES;
				GCC_OPTIMIZATION_LEVEL = 0;
				GCC_PREPROCESSOR_DEFINITIONS = (
					"DEBUG=1",
					"$(inherited)",
				);
				GCC_WARN_64_TO_32_BIT_CONVERSION = YES;
				GCC_WARN_ABOUT_RETURN_TYPE = YES_ERROR;
				GCC_WARN_UNDECLARED_SELECTOR = YES;
				GCC_WARN_UNINITIALIZED_AUTOS = YES_AGGRESSIVE;
				GCC_WARN_UNUSED_FUNCTION = YES;
				GCC_WARN_UNUSED_VARIABLE = YES;
				IPHONEOS_DEPLOYMENT_TARGET = 14.4;
				MTL_ENABLE_DEBUG_INFO = INCLUDE_SOURCE;
				MTL_FAST_MATH = YES;
				ONLY_ACTIVE_ARCH = YES;
				SDKROOT = iphoneos;
				SWIFT_ACTIVE_COMPILATION_CONDITIONS = DEBUG;
				SWIFT_OPTIMIZATION_LEVEL = "-Onone";
			};
			name = Debug;
		};
		AD89FB32261D9CEE007EDB2D /* Release */ = {
			isa = XCBuildConfiguration;
			buildSettings = {
				ALWAYS_SEARCH_USER_PATHS = NO;
				CLANG_ANALYZER_NONNULL = YES;
				CLANG_ANALYZER_NUMBER_OBJECT_CONVERSION = YES_AGGRESSIVE;
				CLANG_CXX_LANGUAGE_STANDARD = "gnu++14";
				CLANG_CXX_LIBRARY = "libc++";
				CLANG_ENABLE_MODULES = YES;
				CLANG_ENABLE_OBJC_ARC = YES;
				CLANG_ENABLE_OBJC_WEAK = YES;
				CLANG_WARN_BLOCK_CAPTURE_AUTORELEASING = YES;
				CLANG_WARN_BOOL_CONVERSION = YES;
				CLANG_WARN_COMMA = YES;
				CLANG_WARN_CONSTANT_CONVERSION = YES;
				CLANG_WARN_DEPRECATED_OBJC_IMPLEMENTATIONS = YES;
				CLANG_WARN_DIRECT_OBJC_ISA_USAGE = YES_ERROR;
				CLANG_WARN_DOCUMENTATION_COMMENTS = YES;
				CLANG_WARN_EMPTY_BODY = YES;
				CLANG_WARN_ENUM_CONVERSION = YES;
				CLANG_WARN_INFINITE_RECURSION = YES;
				CLANG_WARN_INT_CONVERSION = YES;
				CLANG_WARN_NON_LITERAL_NULL_CONVERSION = YES;
				CLANG_WARN_OBJC_IMPLICIT_RETAIN_SELF = YES;
				CLANG_WARN_OBJC_LITERAL_CONVERSION = YES;
				CLANG_WARN_OBJC_ROOT_CLASS = YES_ERROR;
				CLANG_WARN_QUOTED_INCLUDE_IN_FRAMEWORK_HEADER = YES;
				CLANG_WARN_RANGE_LOOP_ANALYSIS = YES;
				CLANG_WARN_STRICT_PROTOTYPES = YES;
				CLANG_WARN_SUSPICIOUS_MOVE = YES;
				CLANG_WARN_UNGUARDED_AVAILABILITY = YES_AGGRESSIVE;
				CLANG_WARN_UNREACHABLE_CODE = YES;
				CLANG_WARN__DUPLICATE_METHOD_MATCH = YES;
				COPY_PHASE_STRIP = NO;
				DEBUG_INFORMATION_FORMAT = "dwarf-with-dsym";
				ENABLE_NS_ASSERTIONS = NO;
				ENABLE_STRICT_OBJC_MSGSEND = YES;
				GCC_C_LANGUAGE_STANDARD = gnu11;
				GCC_NO_COMMON_BLOCKS = YES;
				GCC_WARN_64_TO_32_BIT_CONVERSION = YES;
				GCC_WARN_ABOUT_RETURN_TYPE = YES_ERROR;
				GCC_WARN_UNDECLARED_SELECTOR = YES;
				GCC_WARN_UNINITIALIZED_AUTOS = YES_AGGRESSIVE;
				GCC_WARN_UNUSED_FUNCTION = YES;
				GCC_WARN_UNUSED_VARIABLE = YES;
				IPHONEOS_DEPLOYMENT_TARGET = 14.4;
				MTL_ENABLE_DEBUG_INFO = NO;
				MTL_FAST_MATH = YES;
				SDKROOT = iphoneos;
				SWIFT_COMPILATION_MODE = wholemodule;
				SWIFT_OPTIMIZATION_LEVEL = "-O";
				VALIDATE_PRODUCT = YES;
			};
			name = Release;
		};
		AD89FB34261D9CEE007EDB2D /* Debug */ = {
			isa = XCBuildConfiguration;
			buildSettings = {
				ASSETCATALOG_COMPILER_APPICON_NAME = AppIcon;
				ASSETCATALOG_COMPILER_GLOBAL_ACCENT_COLOR_NAME = AccentColor;
				CODE_SIGN_STYLE = Automatic;
				INFOPLIST_FILE = "iOS-Geofence-Demo/Info.plist";
				LD_RUNPATH_SEARCH_PATHS = (
					"$(inherited)",
					"@executable_path/Frameworks",
				);
				PRODUCT_BUNDLE_IDENTIFIER = "com.MSys.com.iOS-Geofence-Demo";
				PRODUCT_NAME = "$(TARGET_NAME)";
				SWIFT_VERSION = 5.0;
				TARGETED_DEVICE_FAMILY = "1,2";
			};
			name = Debug;
		};
		AD89FB35261D9CEE007EDB2D /* Release */ = {
			isa = XCBuildConfiguration;
			buildSettings = {
				ASSETCATALOG_COMPILER_APPICON_NAME = AppIcon;
				ASSETCATALOG_COMPILER_GLOBAL_ACCENT_COLOR_NAME = AccentColor;
				CODE_SIGN_STYLE = Automatic;
				INFOPLIST_FILE = "iOS-Geofence-Demo/Info.plist";
				LD_RUNPATH_SEARCH_PATHS = (
					"$(inherited)",
					"@executable_path/Frameworks",
				);
				PRODUCT_BUNDLE_IDENTIFIER = "com.MSys.com.iOS-Geofence-Demo";
				PRODUCT_NAME = "$(TARGET_NAME)";
				SWIFT_VERSION = 5.0;
				TARGETED_DEVICE_FAMILY = "1,2";
			};
			name = Release;
		};
		AD89FB37261D9CEE007EDB2D /* Debug */ = {
			isa = XCBuildConfiguration;
			buildSettings = {
				ALWAYS_EMBED_SWIFT_STANDARD_LIBRARIES = YES;
				BUNDLE_LOADER = "$(TEST_HOST)";
				CODE_SIGN_STYLE = Automatic;
				INFOPLIST_FILE = "iOS-Geofence-DemoTests/Info.plist";
				IPHONEOS_DEPLOYMENT_TARGET = 14.4;
				LD_RUNPATH_SEARCH_PATHS = (
					"$(inherited)",
					"@executable_path/Frameworks",
					"@loader_path/Frameworks",
				);
				PRODUCT_BUNDLE_IDENTIFIER = "com.MSys.com.iOS-Geofence-DemoTests";
				PRODUCT_NAME = "$(TARGET_NAME)";
				SWIFT_VERSION = 5.0;
				TARGETED_DEVICE_FAMILY = "1,2";
				TEST_HOST = "$(BUILT_PRODUCTS_DIR)/iOS-Geofence-Demo.app/iOS-Geofence-Demo";
			};
			name = Debug;
		};
		AD89FB38261D9CEE007EDB2D /* Release */ = {
			isa = XCBuildConfiguration;
			buildSettings = {
				ALWAYS_EMBED_SWIFT_STANDARD_LIBRARIES = YES;
				BUNDLE_LOADER = "$(TEST_HOST)";
				CODE_SIGN_STYLE = Automatic;
				INFOPLIST_FILE = "iOS-Geofence-DemoTests/Info.plist";
				IPHONEOS_DEPLOYMENT_TARGET = 14.4;
				LD_RUNPATH_SEARCH_PATHS = (
					"$(inherited)",
					"@executable_path/Frameworks",
					"@loader_path/Frameworks",
				);
				PRODUCT_BUNDLE_IDENTIFIER = "com.MSys.com.iOS-Geofence-DemoTests";
				PRODUCT_NAME = "$(TARGET_NAME)";
				SWIFT_VERSION = 5.0;
				TARGETED_DEVICE_FAMILY = "1,2";
				TEST_HOST = "$(BUILT_PRODUCTS_DIR)/iOS-Geofence-Demo.app/iOS-Geofence-Demo";
			};
			name = Release;
		};
		AD89FB3A261D9CEE007EDB2D /* Debug */ = {
			isa = XCBuildConfiguration;
			buildSettings = {
				ALWAYS_EMBED_SWIFT_STANDARD_LIBRARIES = YES;
				CODE_SIGN_STYLE = Automatic;
				INFOPLIST_FILE = "iOS-Geofence-DemoUITests/Info.plist";
				LD_RUNPATH_SEARCH_PATHS = (
					"$(inherited)",
					"@executable_path/Frameworks",
					"@loader_path/Frameworks",
				);
				PRODUCT_BUNDLE_IDENTIFIER = "com.MSys.com.iOS-Geofence-DemoUITests";
				PRODUCT_NAME = "$(TARGET_NAME)";
				SWIFT_VERSION = 5.0;
				TARGETED_DEVICE_FAMILY = "1,2";
				TEST_TARGET_NAME = "iOS-Geofence-Demo";
			};
			name = Debug;
		};
		AD89FB3B261D9CEE007EDB2D /* Release */ = {
			isa = XCBuildConfiguration;
			buildSettings = {
				ALWAYS_EMBED_SWIFT_STANDARD_LIBRARIES = YES;
				CODE_SIGN_STYLE = Automatic;
				INFOPLIST_FILE = "iOS-Geofence-DemoUITests/Info.plist";
				LD_RUNPATH_SEARCH_PATHS = (
					"$(inherited)",
					"@executable_path/Frameworks",
					"@loader_path/Frameworks",
				);
				PRODUCT_BUNDLE_IDENTIFIER = "com.MSys.com.iOS-Geofence-DemoUITests";
				PRODUCT_NAME = "$(TARGET_NAME)";
				SWIFT_VERSION = 5.0;
				TARGETED_DEVICE_FAMILY = "1,2";
				TEST_TARGET_NAME = "iOS-Geofence-Demo";
			};
			name = Release;
		};
/* End XCBuildConfiguration section */

/* Begin XCConfigurationList section */
		AD89FB04261D9CEB007EDB2D /* Build configuration list for PBXProject "iOS-Geofence-Demo" */ = {
			isa = XCConfigurationList;
			buildConfigurations = (
				AD89FB31261D9CEE007EDB2D /* Debug */,
				AD89FB32261D9CEE007EDB2D /* Release */,
			);
			defaultConfigurationIsVisible = 0;
			defaultConfigurationName = Release;
		};
		AD89FB33261D9CEE007EDB2D /* Build configuration list for PBXNativeTarget "iOS-Geofence-Demo" */ = {
			isa = XCConfigurationList;
			buildConfigurations = (
				AD89FB34261D9CEE007EDB2D /* Debug */,
				AD89FB35261D9CEE007EDB2D /* Release */,
			);
			defaultConfigurationIsVisible = 0;
			defaultConfigurationName = Release;
		};
		AD89FB36261D9CEE007EDB2D /* Build configuration list for PBXNativeTarget "iOS-Geofence-DemoTests" */ = {
			isa = XCConfigurationList;
			buildConfigurations = (
				AD89FB37261D9CEE007EDB2D /* Debug */,
				AD89FB38261D9CEE007EDB2D /* Release */,
			);
			defaultConfigurationIsVisible = 0;
			defaultConfigurationName = Release;
		};
		AD89FB39261D9CEE007EDB2D /* Build configuration list for PBXNativeTarget "iOS-Geofence-DemoUITests" */ = {
			isa = XCConfigurationList;
			buildConfigurations = (
				AD89FB3A261D9CEE007EDB2D /* Debug */,
				AD89FB3B261D9CEE007EDB2D /* Release */,
			);
			defaultConfigurationIsVisible = 0;
			defaultConfigurationName = Release;
		};
/* End XCConfigurationList section */
	};
	rootObject = AD89FB01261D9CEB007EDB2D /* Project object */;
}
